
Microsoft Visual Studio Solution File, Format Version 12.00
# Visual Studio 14
VisualStudioVersion = 14.0.25420.1
MinimumVisualStudioVersion = 10.0.40219.1
Project("{8BC9CEB8-8B4A-11D0-8D11-00A0C91BC942}") = "01_01_04_CPU产生正弦曲线", "01_04_CPU产生正弦曲线\01_04_CPU产生正弦曲线.vcxproj", "{CAFCCE0D-A779-451F-B05A-0CB82090CEA4}"
EndProject
Project("{8BC9CEB8-8B4A-11D0-8D11-00A0C91BC942}") = "01_02_01_将帅问题01", "01_02_01_将帅问题01\01_02_01_将帅问题01.vcxproj", "{6BEEA9D3-4A16-4C9E-BF69-F043C9F6390C}"
EndProject
Project("{8BC9CEB8-8B4A-11D0-8D11-00A0C91BC942}") = "01_02_03_将帅问题02", "01_02_03_将帅问题02\01_02_03_将帅问题02.vcxproj", "{383F5BCF-08C5-4D55-8066-CB395314DEBB}"
EndProject
Project("{8BC9CEB8-8B4A-11D0-8D11-00A0C91BC942}") = "01_02_03_将帅问题03", "01_02_03_将帅问题03\01_02_03_将帅问题03.vcxproj", "{B893F9A6-F4FB-49D0-95F3-A50DF9E021CF}"
EndProject
Project("{8BC9CEB8-8B4A-11D0-8D11-00A0C91BC942}") = "01_03_01_翻烙饼", "01_03_01_翻烙饼\01_03_01_翻烙饼.vcxproj", "{9243BBCE-9A01-49FA-9E92-6B1D4FA0CC35}"
EndProject
Project("{8BC9CEB8-8B4A-11D0-8D11-00A0C91BC942}") = "01_04_01_买书问题", "01_04_01_买书问题\01_04_01_买书问题.vcxproj", "{0188E3AC-ED83-4DE9-81C0-E01C67EE3F3B}"
EndProject
Project("{8BC9CEB8-8B4A-11D0-8D11-00A0C91BC942}") = "01_05_01_快速找出故障机器", "01_05_01_快速找出故障机器\01_05_01_快速找出故障机器.vcxproj", "{21EBB27E-D0E3-44DC-AE76-D3522308AC35}"
EndProject
Project("{8BC9CEB8-8B4A-11D0-8D11-00A0C91BC942}") = "01_06_01_饮料供货", "01_06_01_饮料供货\01_06_01_饮料供货.vcxproj", "{35C980A3-594B-4BB3-BFDC-69B93EEBCED8}"
EndProject
Project("{8BC9CEB8-8B4A-11D0-8D11-00A0C91BC942}") = "01_06_07_光影切割问题", "01_06_07_光影切割问题\01_06_07_光影切割问题.vcxproj", "{850C9B88-6697-4E80-88C3-66E60985E9EC}"
EndProject
Project("{8BC9CEB8-8B4A-11D0-8D11-00A0C91BC942}") = "02_01_01_二进制1个数", "02_01_01_二进制1个数\02_01_01_二进制1个数.vcxproj", "{AAC16034-D2AC-4F65-8118-6162672CE826}"
EndProject
Project("{8BC9CEB8-8B4A-11D0-8D11-00A0C91BC942}") = "02_02_01_阶层末尾0的数量", "02_02_01_阶层末尾0的数量\02_02_01_阶层末尾0的数量.vcxproj", "{55E8F50F-9E98-402E-9C0E-B5BA3A08FC87}"
EndProject
Project("{8BC9CEB8-8B4A-11D0-8D11-00A0C91BC942}") = "02_02_02_阶层二进制最低位1的位置", "02_02_02_阶层二进制最低位1的位置\02_02_02_阶层二进制最低位1的位置.vcxproj", "{1059FC7D-DE9C-42DD-8853-A4F9183D6F1A}"
EndProject
Project("{8BC9CEB8-8B4A-11D0-8D11-00A0C91BC942}") = "02_03_01_寻找发帖水王", "02_03_01_寻找发帖水王\02_03_01_寻找发帖水王.vcxproj", "{840ABADE-B5B9-4750-8C79-E95BDA51A99E}"
EndProject
Project("{8BC9CEB8-8B4A-11D0-8D11-00A0C91BC942}") = "02_03_02_出现次数大于四分之一", "02_03_01_出现次数大于四分之一\02_03_01_出现次数大于四分之一.vcxproj", "{D8F1EA76-2E17-4C1B-97B4-C72542DF1547}"
EndProject
Project("{8BC9CEB8-8B4A-11D0-8D11-00A0C91BC942}") = "02_04_01_十进制1的个数", "02_04_01_十进制1的个数\02_04_01_十进制1的个数.vcxproj", "{0A16D019-A1B5-4C19-A343-7B26AFB28640}"
EndProject
Project("{8BC9CEB8-8B4A-11D0-8D11-00A0C91BC942}") = "02_05_02_找最大的K个数", "02_04_02_找最大的K个数\02_04_02_找最大的K个数.vcxproj", "{6826B369-5E52-4A71-BFDA-813D8A180290}"
EndProject
Project("{8BC9CEB8-8B4A-11D0-8D11-00A0C91BC942}") = "02_07_01_最大公约数", "02_07_01_最大公约数\02_07_01_最大公约数.vcxproj", "{BBB99591-DCC6-434C-9615-531725784A25}"
EndProject
Project("{8BC9CEB8-8B4A-11D0-8D11-00A0C91BC942}") = "02_09_01_斐波那契数列", "02_09_01_斐波那契数列\02_09_01_斐波那契数列.vcxproj", "{4E5434DC-D41D-42E5-86F7-6C0477A4D344}"
EndProject
Project("{8BC9CEB8-8B4A-11D0-8D11-00A0C91BC942}") = "02_10_01_同时找最大值和最小值", "02_10_01_同时找最大值和最小值\02_10_01_同时找最大值和最小值.vcxproj", "{F12FA638-7CEE-45F1-910D-785E651D2508}"
EndProject
Project("{8BC9CEB8-8B4A-11D0-8D11-00A0C91BC942}") = "02_11_01_最近点对", "02_11_01_最近点对\02_11_01_最近点对.vcxproj", "{1E1B2D92-080F-4CCA-A93A-0DE1D3F7EB16}"
EndProject
Project("{8BC9CEB8-8B4A-11D0-8D11-00A0C91BC942}") = "02_12_01_找和为特定值的两个数", "02_12_01_找和为特定值的两个数\02_12_01_找和为特定值的两个数.vcxproj", "{7A4D15E4-ECD0-436B-AB96-FE2FA9762B9A}"
EndProject
Project("{8BC9CEB8-8B4A-11D0-8D11-00A0C91BC942}") = "02_13_01_子数组去掉一个数的最大乘积", "02_13_01_子数组去掉一个数的最大乘积\02_13_01_子数组去掉一个数的最大乘积.vcxproj", "{B269E914-DCAB-42B1-9AA1-71271DFC80D9}"
EndProject
Project("{8BC9CEB8-8B4A-11D0-8D11-00A0C91BC942}") = "02_14_01_连续子数组最大和", "02_14_01_连续子数组最大和\02_14_01_连续子数组最大和.vcxproj", "{423AF850-622C-4F3F-AC63-E4319F552C5F}"
EndProject
Project("{8BC9CEB8-8B4A-11D0-8D11-00A0C91BC942}") = "02_14_02_头尾相连的子数组最大和", "02_14_02_头尾相连的子数组最大和\02_14_02_头尾相连的子数组最大和.vcxproj", "{3357EFCE-BE37-477A-BF21-8254CE4B4618}"
EndProject
Project("{8BC9CEB8-8B4A-11D0-8D11-00A0C91BC942}") = "02_15_01_子矩阵的最大和", "02_15_01_子矩阵的最大和\02_15_01_子矩阵的最大和.vcxproj", "{C0A71942-1189-4B07-BF23-156D89E18BFC}"
EndProject
Project("{8BC9CEB8-8B4A-11D0-8D11-00A0C91BC942}") = "02_16_01_最长递增子序列", "02_16_01_最长递增子序列\02_16_01_最长递增子序列.vcxproj", "{E3BD36DD-73DF-4E89-BE07-0D02D575623A}"
EndProject
Global
	GlobalSection(SolutionConfigurationPlatforms) = preSolution
		Debug|x64 = Debug|x64
		Debug|x86 = Debug|x86
		Release|x64 = Release|x64
		Release|x86 = Release|x86
	EndGlobalSection
	GlobalSection(ProjectConfigurationPlatforms) = postSolution
		{CAFCCE0D-A779-451F-B05A-0CB82090CEA4}.Debug|x64.ActiveCfg = Debug|x64
		{CAFCCE0D-A779-451F-B05A-0CB82090CEA4}.Debug|x64.Build.0 = Debug|x64
		{CAFCCE0D-A779-451F-B05A-0CB82090CEA4}.Debug|x86.ActiveCfg = Debug|Win32
		{CAFCCE0D-A779-451F-B05A-0CB82090CEA4}.Debug|x86.Build.0 = Debug|Win32
		{CAFCCE0D-A779-451F-B05A-0CB82090CEA4}.Release|x64.ActiveCfg = Release|x64
		{CAFCCE0D-A779-451F-B05A-0CB82090CEA4}.Release|x64.Build.0 = Release|x64
		{CAFCCE0D-A779-451F-B05A-0CB82090CEA4}.Release|x86.ActiveCfg = Release|Win32
		{CAFCCE0D-A779-451F-B05A-0CB82090CEA4}.Release|x86.Build.0 = Release|Win32
		{6BEEA9D3-4A16-4C9E-BF69-F043C9F6390C}.Debug|x64.ActiveCfg = Debug|x64
		{6BEEA9D3-4A16-4C9E-BF69-F043C9F6390C}.Debug|x64.Build.0 = Debug|x64
		{6BEEA9D3-4A16-4C9E-BF69-F043C9F6390C}.Debug|x86.ActiveCfg = Debug|Win32
		{6BEEA9D3-4A16-4C9E-BF69-F043C9F6390C}.Debug|x86.Build.0 = Debug|Win32
		{6BEEA9D3-4A16-4C9E-BF69-F043C9F6390C}.Release|x64.ActiveCfg = Release|x64
		{6BEEA9D3-4A16-4C9E-BF69-F043C9F6390C}.Release|x64.Build.0 = Release|x64
		{6BEEA9D3-4A16-4C9E-BF69-F043C9F6390C}.Release|x86.ActiveCfg = Release|Win32
		{6BEEA9D3-4A16-4C9E-BF69-F043C9F6390C}.Release|x86.Build.0 = Release|Win32
		{383F5BCF-08C5-4D55-8066-CB395314DEBB}.Debug|x64.ActiveCfg = Debug|x64
		{383F5BCF-08C5-4D55-8066-CB395314DEBB}.Debug|x64.Build.0 = Debug|x64
		{383F5BCF-08C5-4D55-8066-CB395314DEBB}.Debug|x86.ActiveCfg = Debug|Win32
		{383F5BCF-08C5-4D55-8066-CB395314DEBB}.Debug|x86.Build.0 = Debug|Win32
		{383F5BCF-08C5-4D55-8066-CB395314DEBB}.Release|x64.ActiveCfg = Release|x64
		{383F5BCF-08C5-4D55-8066-CB395314DEBB}.Release|x64.Build.0 = Release|x64
		{383F5BCF-08C5-4D55-8066-CB395314DEBB}.Release|x86.ActiveCfg = Release|Win32
		{383F5BCF-08C5-4D55-8066-CB395314DEBB}.Release|x86.Build.0 = Release|Win32
		{B893F9A6-F4FB-49D0-95F3-A50DF9E021CF}.Debug|x64.ActiveCfg = Debug|x64
		{B893F9A6-F4FB-49D0-95F3-A50DF9E021CF}.Debug|x64.Build.0 = Debug|x64
		{B893F9A6-F4FB-49D0-95F3-A50DF9E021CF}.Debug|x86.ActiveCfg = Debug|Win32
		{B893F9A6-F4FB-49D0-95F3-A50DF9E021CF}.Debug|x86.Build.0 = Debug|Win32
		{B893F9A6-F4FB-49D0-95F3-A50DF9E021CF}.Release|x64.ActiveCfg = Release|x64
		{B893F9A6-F4FB-49D0-95F3-A50DF9E021CF}.Release|x64.Build.0 = Release|x64
		{B893F9A6-F4FB-49D0-95F3-A50DF9E021CF}.Release|x86.ActiveCfg = Release|Win32
		{B893F9A6-F4FB-49D0-95F3-A50DF9E021CF}.Release|x86.Build.0 = Release|Win32
		{9243BBCE-9A01-49FA-9E92-6B1D4FA0CC35}.Debug|x64.ActiveCfg = Debug|x64
		{9243BBCE-9A01-49FA-9E92-6B1D4FA0CC35}.Debug|x64.Build.0 = Debug|x64
		{9243BBCE-9A01-49FA-9E92-6B1D4FA0CC35}.Debug|x86.ActiveCfg = Debug|Win32
		{9243BBCE-9A01-49FA-9E92-6B1D4FA0CC35}.Debug|x86.Build.0 = Debug|Win32
		{9243BBCE-9A01-49FA-9E92-6B1D4FA0CC35}.Release|x64.ActiveCfg = Release|x64
		{9243BBCE-9A01-49FA-9E92-6B1D4FA0CC35}.Release|x64.Build.0 = Release|x64
		{9243BBCE-9A01-49FA-9E92-6B1D4FA0CC35}.Release|x86.ActiveCfg = Release|Win32
		{9243BBCE-9A01-49FA-9E92-6B1D4FA0CC35}.Release|x86.Build.0 = Release|Win32
		{0188E3AC-ED83-4DE9-81C0-E01C67EE3F3B}.Debug|x64.ActiveCfg = Debug|x64
		{0188E3AC-ED83-4DE9-81C0-E01C67EE3F3B}.Debug|x64.Build.0 = Debug|x64
		{0188E3AC-ED83-4DE9-81C0-E01C67EE3F3B}.Debug|x86.ActiveCfg = Debug|Win32
		{0188E3AC-ED83-4DE9-81C0-E01C67EE3F3B}.Debug|x86.Build.0 = Debug|Win32
		{0188E3AC-ED83-4DE9-81C0-E01C67EE3F3B}.Release|x64.ActiveCfg = Release|x64
		{0188E3AC-ED83-4DE9-81C0-E01C67EE3F3B}.Release|x64.Build.0 = Release|x64
		{0188E3AC-ED83-4DE9-81C0-E01C67EE3F3B}.Release|x86.ActiveCfg = Release|Win32
		{0188E3AC-ED83-4DE9-81C0-E01C67EE3F3B}.Release|x86.Build.0 = Release|Win32
		{21EBB27E-D0E3-44DC-AE76-D3522308AC35}.Debug|x64.ActiveCfg = Debug|x64
		{21EBB27E-D0E3-44DC-AE76-D3522308AC35}.Debug|x64.Build.0 = Debug|x64
		{21EBB27E-D0E3-44DC-AE76-D3522308AC35}.Debug|x86.ActiveCfg = Debug|Win32
		{21EBB27E-D0E3-44DC-AE76-D3522308AC35}.Debug|x86.Build.0 = Debug|Win32
		{21EBB27E-D0E3-44DC-AE76-D3522308AC35}.Release|x64.ActiveCfg = Release|x64
		{21EBB27E-D0E3-44DC-AE76-D3522308AC35}.Release|x64.Build.0 = Release|x64
		{21EBB27E-D0E3-44DC-AE76-D3522308AC35}.Release|x86.ActiveCfg = Release|Win32
		{21EBB27E-D0E3-44DC-AE76-D3522308AC35}.Release|x86.Build.0 = Release|Win32
		{35C980A3-594B-4BB3-BFDC-69B93EEBCED8}.Debug|x64.ActiveCfg = Debug|x64
		{35C980A3-594B-4BB3-BFDC-69B93EEBCED8}.Debug|x64.Build.0 = Debug|x64
		{35C980A3-594B-4BB3-BFDC-69B93EEBCED8}.Debug|x86.ActiveCfg = Debug|Win32
		{35C980A3-594B-4BB3-BFDC-69B93EEBCED8}.Debug|x86.Build.0 = Debug|Win32
		{35C980A3-594B-4BB3-BFDC-69B93EEBCED8}.Release|x64.ActiveCfg = Release|x64
		{35C980A3-594B-4BB3-BFDC-69B93EEBCED8}.Release|x64.Build.0 = Release|x64
		{35C980A3-594B-4BB3-BFDC-69B93EEBCED8}.Release|x86.ActiveCfg = Release|Win32
		{35C980A3-594B-4BB3-BFDC-69B93EEBCED8}.Release|x86.Build.0 = Release|Win32
		{850C9B88-6697-4E80-88C3-66E60985E9EC}.Debug|x64.ActiveCfg = Debug|x64
		{850C9B88-6697-4E80-88C3-66E60985E9EC}.Debug|x64.Build.0 = Debug|x64
		{850C9B88-6697-4E80-88C3-66E60985E9EC}.Debug|x86.ActiveCfg = Debug|Win32
		{850C9B88-6697-4E80-88C3-66E60985E9EC}.Debug|x86.Build.0 = Debug|Win32
		{850C9B88-6697-4E80-88C3-66E60985E9EC}.Release|x64.ActiveCfg = Release|x64
		{850C9B88-6697-4E80-88C3-66E60985E9EC}.Release|x64.Build.0 = Release|x64
		{850C9B88-6697-4E80-88C3-66E60985E9EC}.Release|x86.ActiveCfg = Release|Win32
		{850C9B88-6697-4E80-88C3-66E60985E9EC}.Release|x86.Build.0 = Release|Win32
		{AAC16034-D2AC-4F65-8118-6162672CE826}.Debug|x64.ActiveCfg = Debug|x64
		{AAC16034-D2AC-4F65-8118-6162672CE826}.Debug|x64.Build.0 = Debug|x64
		{AAC16034-D2AC-4F65-8118-6162672CE826}.Debug|x86.ActiveCfg = Debug|Win32
		{AAC16034-D2AC-4F65-8118-6162672CE826}.Debug|x86.Build.0 = Debug|Win32
		{AAC16034-D2AC-4F65-8118-6162672CE826}.Release|x64.ActiveCfg = Release|x64
		{AAC16034-D2AC-4F65-8118-6162672CE826}.Release|x64.Build.0 = Release|x64
		{AAC16034-D2AC-4F65-8118-6162672CE826}.Release|x86.ActiveCfg = Release|Win32
		{AAC16034-D2AC-4F65-8118-6162672CE826}.Release|x86.Build.0 = Release|Win32
		{55E8F50F-9E98-402E-9C0E-B5BA3A08FC87}.Debug|x64.ActiveCfg = Debug|x64
		{55E8F50F-9E98-402E-9C0E-B5BA3A08FC87}.Debug|x64.Build.0 = Debug|x64
		{55E8F50F-9E98-402E-9C0E-B5BA3A08FC87}.Debug|x86.ActiveCfg = Debug|Win32
		{55E8F50F-9E98-402E-9C0E-B5BA3A08FC87}.Debug|x86.Build.0 = Debug|Win32
		{55E8F50F-9E98-402E-9C0E-B5BA3A08FC87}.Release|x64.ActiveCfg = Release|x64
		{55E8F50F-9E98-402E-9C0E-B5BA3A08FC87}.Release|x64.Build.0 = Release|x64
		{55E8F50F-9E98-402E-9C0E-B5BA3A08FC87}.Release|x86.ActiveCfg = Release|Win32
		{55E8F50F-9E98-402E-9C0E-B5BA3A08FC87}.Release|x86.Build.0 = Release|Win32
		{1059FC7D-DE9C-42DD-8853-A4F9183D6F1A}.Debug|x64.ActiveCfg = Debug|x64
		{1059FC7D-DE9C-42DD-8853-A4F9183D6F1A}.Debug|x64.Build.0 = Debug|x64
		{1059FC7D-DE9C-42DD-8853-A4F9183D6F1A}.Debug|x86.ActiveCfg = Debug|Win32
		{1059FC7D-DE9C-42DD-8853-A4F9183D6F1A}.Debug|x86.Build.0 = Debug|Win32
		{1059FC7D-DE9C-42DD-8853-A4F9183D6F1A}.Release|x64.ActiveCfg = Release|x64
		{1059FC7D-DE9C-42DD-8853-A4F9183D6F1A}.Release|x64.Build.0 = Release|x64
		{1059FC7D-DE9C-42DD-8853-A4F9183D6F1A}.Release|x86.ActiveCfg = Release|Win32
		{1059FC7D-DE9C-42DD-8853-A4F9183D6F1A}.Release|x86.Build.0 = Release|Win32
		{840ABADE-B5B9-4750-8C79-E95BDA51A99E}.Debug|x64.ActiveCfg = Debug|x64
		{840ABADE-B5B9-4750-8C79-E95BDA51A99E}.Debug|x64.Build.0 = Debug|x64
		{840ABADE-B5B9-4750-8C79-E95BDA51A99E}.Debug|x86.ActiveCfg = Debug|Win32
		{840ABADE-B5B9-4750-8C79-E95BDA51A99E}.Debug|x86.Build.0 = Debug|Win32
		{840ABADE-B5B9-4750-8C79-E95BDA51A99E}.Release|x64.ActiveCfg = Release|x64
		{840ABADE-B5B9-4750-8C79-E95BDA51A99E}.Release|x64.Build.0 = Release|x64
		{840ABADE-B5B9-4750-8C79-E95BDA51A99E}.Release|x86.ActiveCfg = Release|Win32
		{840ABADE-B5B9-4750-8C79-E95BDA51A99E}.Release|x86.Build.0 = Release|Win32
		{D8F1EA76-2E17-4C1B-97B4-C72542DF1547}.Debug|x64.ActiveCfg = Debug|x64
		{D8F1EA76-2E17-4C1B-97B4-C72542DF1547}.Debug|x64.Build.0 = Debug|x64
		{D8F1EA76-2E17-4C1B-97B4-C72542DF1547}.Debug|x86.ActiveCfg = Debug|Win32
		{D8F1EA76-2E17-4C1B-97B4-C72542DF1547}.Debug|x86.Build.0 = Debug|Win32
		{D8F1EA76-2E17-4C1B-97B4-C72542DF1547}.Release|x64.ActiveCfg = Release|x64
		{D8F1EA76-2E17-4C1B-97B4-C72542DF1547}.Release|x64.Build.0 = Release|x64
		{D8F1EA76-2E17-4C1B-97B4-C72542DF1547}.Release|x86.ActiveCfg = Release|Win32
		{D8F1EA76-2E17-4C1B-97B4-C72542DF1547}.Release|x86.Build.0 = Release|Win32
		{0A16D019-A1B5-4C19-A343-7B26AFB28640}.Debug|x64.ActiveCfg = Debug|x64
		{0A16D019-A1B5-4C19-A343-7B26AFB28640}.Debug|x64.Build.0 = Debug|x64
		{0A16D019-A1B5-4C19-A343-7B26AFB28640}.Debug|x86.ActiveCfg = Debug|Win32
		{0A16D019-A1B5-4C19-A343-7B26AFB28640}.Debug|x86.Build.0 = Debug|Win32
		{0A16D019-A1B5-4C19-A343-7B26AFB28640}.Release|x64.ActiveCfg = Release|x64
		{0A16D019-A1B5-4C19-A343-7B26AFB28640}.Release|x64.Build.0 = Release|x64
		{0A16D019-A1B5-4C19-A343-7B26AFB28640}.Release|x86.ActiveCfg = Release|Win32
		{0A16D019-A1B5-4C19-A343-7B26AFB28640}.Release|x86.Build.0 = Release|Win32
		{6826B369-5E52-4A71-BFDA-813D8A180290}.Debug|x64.ActiveCfg = Debug|x64
		{6826B369-5E52-4A71-BFDA-813D8A180290}.Debug|x64.Build.0 = Debug|x64
		{6826B369-5E52-4A71-BFDA-813D8A180290}.Debug|x86.ActiveCfg = Debug|Win32
		{6826B369-5E52-4A71-BFDA-813D8A180290}.Debug|x86.Build.0 = Debug|Win32
		{6826B369-5E52-4A71-BFDA-813D8A180290}.Release|x64.ActiveCfg = Release|x64
		{6826B369-5E52-4A71-BFDA-813D8A180290}.Release|x64.Build.0 = Release|x64
		{6826B369-5E52-4A71-BFDA-813D8A180290}.Release|x86.ActiveCfg = Release|Win32
		{6826B369-5E52-4A71-BFDA-813D8A180290}.Release|x86.Build.0 = Release|Win32
		{BBB99591-DCC6-434C-9615-531725784A25}.Debug|x64.ActiveCfg = Debug|x64
		{BBB99591-DCC6-434C-9615-531725784A25}.Debug|x64.Build.0 = Debug|x64
		{BBB99591-DCC6-434C-9615-531725784A25}.Debug|x86.ActiveCfg = Debug|Win32
		{BBB99591-DCC6-434C-9615-531725784A25}.Debug|x86.Build.0 = Debug|Win32
		{BBB99591-DCC6-434C-9615-531725784A25}.Release|x64.ActiveCfg = Release|x64
		{BBB99591-DCC6-434C-9615-531725784A25}.Release|x64.Build.0 = Release|x64
		{BBB99591-DCC6-434C-9615-531725784A25}.Release|x86.ActiveCfg = Release|Win32
		{BBB99591-DCC6-434C-9615-531725784A25}.Release|x86.Build.0 = Release|Win32
		{4E5434DC-D41D-42E5-86F7-6C0477A4D344}.Debug|x64.ActiveCfg = Debug|x64
		{4E5434DC-D41D-42E5-86F7-6C0477A4D344}.Debug|x64.Build.0 = Debug|x64
		{4E5434DC-D41D-42E5-86F7-6C0477A4D344}.Debug|x86.ActiveCfg = Debug|Win32
		{4E5434DC-D41D-42E5-86F7-6C0477A4D344}.Debug|x86.Build.0 = Debug|Win32
		{4E5434DC-D41D-42E5-86F7-6C0477A4D344}.Release|x64.ActiveCfg = Release|x64
		{4E5434DC-D41D-42E5-86F7-6C0477A4D344}.Release|x64.Build.0 = Release|x64
		{4E5434DC-D41D-42E5-86F7-6C0477A4D344}.Release|x86.ActiveCfg = Release|Win32
		{4E5434DC-D41D-42E5-86F7-6C0477A4D344}.Release|x86.Build.0 = Release|Win32
		{F12FA638-7CEE-45F1-910D-785E651D2508}.Debug|x64.ActiveCfg = Debug|x64
		{F12FA638-7CEE-45F1-910D-785E651D2508}.Debug|x64.Build.0 = Debug|x64
		{F12FA638-7CEE-45F1-910D-785E651D2508}.Debug|x86.ActiveCfg = Debug|Win32
		{F12FA638-7CEE-45F1-910D-785E651D2508}.Debug|x86.Build.0 = Debug|Win32
		{F12FA638-7CEE-45F1-910D-785E651D2508}.Release|x64.ActiveCfg = Release|x64
		{F12FA638-7CEE-45F1-910D-785E651D2508}.Release|x64.Build.0 = Release|x64
		{F12FA638-7CEE-45F1-910D-785E651D2508}.Release|x86.ActiveCfg = Release|Win32
		{F12FA638-7CEE-45F1-910D-785E651D2508}.Release|x86.Build.0 = Release|Win32
		{1E1B2D92-080F-4CCA-A93A-0DE1D3F7EB16}.Debug|x64.ActiveCfg = Debug|x64
		{1E1B2D92-080F-4CCA-A93A-0DE1D3F7EB16}.Debug|x64.Build.0 = Debug|x64
		{1E1B2D92-080F-4CCA-A93A-0DE1D3F7EB16}.Debug|x86.ActiveCfg = Debug|Win32
		{1E1B2D92-080F-4CCA-A93A-0DE1D3F7EB16}.Debug|x86.Build.0 = Debug|Win32
		{1E1B2D92-080F-4CCA-A93A-0DE1D3F7EB16}.Release|x64.ActiveCfg = Release|x64
		{1E1B2D92-080F-4CCA-A93A-0DE1D3F7EB16}.Release|x64.Build.0 = Release|x64
		{1E1B2D92-080F-4CCA-A93A-0DE1D3F7EB16}.Release|x86.ActiveCfg = Release|Win32
		{1E1B2D92-080F-4CCA-A93A-0DE1D3F7EB16}.Release|x86.Build.0 = Release|Win32
		{7A4D15E4-ECD0-436B-AB96-FE2FA9762B9A}.Debug|x64.ActiveCfg = Debug|x64
		{7A4D15E4-ECD0-436B-AB96-FE2FA9762B9A}.Debug|x64.Build.0 = Debug|x64
		{7A4D15E4-ECD0-436B-AB96-FE2FA9762B9A}.Debug|x86.ActiveCfg = Debug|Win32
		{7A4D15E4-ECD0-436B-AB96-FE2FA9762B9A}.Debug|x86.Build.0 = Debug|Win32
		{7A4D15E4-ECD0-436B-AB96-FE2FA9762B9A}.Release|x64.ActiveCfg = Release|x64
		{7A4D15E4-ECD0-436B-AB96-FE2FA9762B9A}.Release|x64.Build.0 = Release|x64
		{7A4D15E4-ECD0-436B-AB96-FE2FA9762B9A}.Release|x86.ActiveCfg = Release|Win32
		{7A4D15E4-ECD0-436B-AB96-FE2FA9762B9A}.Release|x86.Build.0 = Release|Win32
		{B269E914-DCAB-42B1-9AA1-71271DFC80D9}.Debug|x64.ActiveCfg = Debug|x64
		{B269E914-DCAB-42B1-9AA1-71271DFC80D9}.Debug|x64.Build.0 = Debug|x64
		{B269E914-DCAB-42B1-9AA1-71271DFC80D9}.Debug|x86.ActiveCfg = Debug|Win32
		{B269E914-DCAB-42B1-9AA1-71271DFC80D9}.Debug|x86.Build.0 = Debug|Win32
		{B269E914-DCAB-42B1-9AA1-71271DFC80D9}.Release|x64.ActiveCfg = Release|x64
		{B269E914-DCAB-42B1-9AA1-71271DFC80D9}.Release|x64.Build.0 = Release|x64
		{B269E914-DCAB-42B1-9AA1-71271DFC80D9}.Release|x86.ActiveCfg = Release|Win32
		{B269E914-DCAB-42B1-9AA1-71271DFC80D9}.Release|x86.Build.0 = Release|Win32
		{423AF850-622C-4F3F-AC63-E4319F552C5F}.Debug|x64.ActiveCfg = Debug|x64
		{423AF850-622C-4F3F-AC63-E4319F552C5F}.Debug|x64.Build.0 = Debug|x64
		{423AF850-622C-4F3F-AC63-E4319F552C5F}.Debug|x86.ActiveCfg = Debug|Win32
		{423AF850-622C-4F3F-AC63-E4319F552C5F}.Debug|x86.Build.0 = Debug|Win32
		{423AF850-622C-4F3F-AC63-E4319F552C5F}.Release|x64.ActiveCfg = Release|x64
		{423AF850-622C-4F3F-AC63-E4319F552C5F}.Release|x64.Build.0 = Release|x64
		{423AF850-622C-4F3F-AC63-E4319F552C5F}.Release|x86.ActiveCfg = Release|Win32
		{423AF850-622C-4F3F-AC63-E4319F552C5F}.Release|x86.Build.0 = Release|Win32
		{3357EFCE-BE37-477A-BF21-8254CE4B4618}.Debug|x64.ActiveCfg = Debug|x64
		{3357EFCE-BE37-477A-BF21-8254CE4B4618}.Debug|x64.Build.0 = Debug|x64
		{3357EFCE-BE37-477A-BF21-8254CE4B4618}.Debug|x86.ActiveCfg = Debug|Win32
		{3357EFCE-BE37-477A-BF21-8254CE4B4618}.Debug|x86.Build.0 = Debug|Win32
		{3357EFCE-BE37-477A-BF21-8254CE4B4618}.Release|x64.ActiveCfg = Release|x64
		{3357EFCE-BE37-477A-BF21-8254CE4B4618}.Release|x64.Build.0 = Release|x64
		{3357EFCE-BE37-477A-BF21-8254CE4B4618}.Release|x86.ActiveCfg = Release|Win32
		{3357EFCE-BE37-477A-BF21-8254CE4B4618}.Release|x86.Build.0 = Release|Win32
		{C0A71942-1189-4B07-BF23-156D89E18BFC}.Debug|x64.ActiveCfg = Debug|x64
		{C0A71942-1189-4B07-BF23-156D89E18BFC}.Debug|x64.Build.0 = Debug|x64
		{C0A71942-1189-4B07-BF23-156D89E18BFC}.Debug|x86.ActiveCfg = Debug|Win32
		{C0A71942-1189-4B07-BF23-156D89E18BFC}.Debug|x86.Build.0 = Debug|Win32
		{C0A71942-1189-4B07-BF23-156D89E18BFC}.Release|x64.ActiveCfg = Release|x64
		{C0A71942-1189-4B07-BF23-156D89E18BFC}.Release|x64.Build.0 = Release|x64
		{C0A71942-1189-4B07-BF23-156D89E18BFC}.Release|x86.ActiveCfg = Release|Win32
		{C0A71942-1189-4B07-BF23-156D89E18BFC}.Release|x86.Build.0 = Release|Win32
		{E3BD36DD-73DF-4E89-BE07-0D02D575623A}.Debug|x64.ActiveCfg = Debug|x64
		{E3BD36DD-73DF-4E89-BE07-0D02D575623A}.Debug|x64.Build.0 = Debug|x64
		{E3BD36DD-73DF-4E89-BE07-0D02D575623A}.Debug|x86.ActiveCfg = Debug|Win32
		{E3BD36DD-73DF-4E89-BE07-0D02D575623A}.Debug|x86.Build.0 = Debug|Win32
		{E3BD36DD-73DF-4E89-BE07-0D02D575623A}.Release|x64.ActiveCfg = Release|x64
		{E3BD36DD-73DF-4E89-BE07-0D02D575623A}.Release|x64.Build.0 = Release|x64
		{E3BD36DD-73DF-4E89-BE07-0D02D575623A}.Release|x86.ActiveCfg = Release|Win32
		{E3BD36DD-73DF-4E89-BE07-0D02D575623A}.Release|x86.Build.0 = Release|Win32
	EndGlobalSection
	GlobalSection(SolutionProperties) = preSolution
		HideSolutionNode = FALSE
	EndGlobalSection
EndGlobal
